Microsoft Visual Studio Solution File, Format Version 12.00
# Visual Studio Version 17
VisualStudioVersion = 17.0.31903.59
MinimumVisualStudioVersion = 10.0.40219.1
Project("{FAE04EC0-301F-11D3-BF4B-00C04F79EFBC}") = "Rat.Expedition.Authoring", "Rat.Expedition.Authoring\Rat.Expedition.Authoring.csproj", "{0D8201B3-C5B8-4DA6-A9BB-9017A14A9CDD}"
EndProject
Project("{FAE04EC0-301F-11D3-BF4B-00C04F79EFBC}") = "Rat.Expedition.Core", "Rat.Expedition.Core\Rat.Expedition.Core.csproj", "{8DA713B7-051E-4771-A343-E20692F04448}"
EndProject
Project("{FAE04EC0-301F-11D3-BF4B-00C04F79EFBC}") = "Rat.Expedition.Windows", "Rat.Expedition.Windows\Rat.Expedition.Windows.csproj", "{C2EDEC16-00F3-42BF-A300-46B4A73C107D}"
EndProject
Global
	GlobalSection(SolutionConfigurationPlatforms) = preSolution
		Debug|Any CPU = Debug|Any CPU
		Debug|x64 = Debug|x64
		Debug|x86 = Debug|x86
		Release|Any CPU = Release|Any CPU
		Release|x64 = Release|x64
		Release|x86 = Release|x86
	EndGlobalSection
	GlobalSection(ProjectConfigurationPlatforms) = postSolution
		{0D8201B3-C5B8-4DA6-A9BB-9017A14A9CDD}.Debug|Any CPU.ActiveCfg = Debug|Any CPU
		{0D8201B3-C5B8-4DA6-A9BB-9017A14A9CDD}.Debug|Any CPU.Build.0 = Debug|Any CPU
		{0D8201B3-C5B8-4DA6-A9BB-9017A14A9CDD}.Debug|x64.ActiveCfg = Debug|Any CPU
		{0D8201B3-C5B8-4DA6-A9BB-9017A14A9CDD}.Debug|x64.Build.0 = Debug|Any CPU
		{0D8201B3-C5B8-4DA6-A9BB-9017A14A9CDD}.Debug|x86.ActiveCfg = Debug|Any CPU
		{0D8201B3-C5B8-4DA6-A9BB-9017A14A9CDD}.Debug|x86.Build.0 = Debug|Any CPU
		{0D8201B3-C5B8-4DA6-A9BB-9017A14A9CDD}.Release|Any CPU.ActiveCfg = Release|Any CPU
		{0D8201B3-C5B8-4DA6-A9BB-9017A14A9CDD}.Release|Any CPU.Build.0 = Release|Any CPU
		{0D8201B3-C5B8-4DA6-A9BB-9017A14A9CDD}.Release|x64.ActiveCfg = Release|Any CPU
		{0D8201B3-C5B8-4DA6-A9BB-9017A14A9CDD}.Release|x64.Build.0 = Release|Any CPU
		{0D8201B3-C5B8-4DA6-A9BB-9017A14A9CDD}.Release|x86.ActiveCfg = Release|Any CPU
		{0D8201B3-C5B8-4DA6-A9BB-9017A14A9CDD}.Release|x86.Build.0 = Release|Any CPU
		{8DA713B7-051E-4771-A343-E20692F04448}.Debug|Any CPU.ActiveCfg = Debug|Any CPU
		{8DA713B7-051E-4771-A343-E20692F04448}.Debug|Any CPU.Build.0 = Debug|Any CPU
		{8DA713B7-051E-4771-A343-E20692F04448}.Debug|x64.ActiveCfg = Debug|Any CPU
		{8DA713B7-051E-4771-A343-E20692F04448}.Debug|x64.Build.0 = Debug|Any CPU
		{8DA713B7-051E-4771-A343-E20692F04448}.Debug|x86.ActiveCfg = Debug|Any CPU
		{8DA713B7-051E-4771-A343-E20692F04448}.Debug|x86.Build.0 = Debug|Any CPU
		{8DA713B7-051E-4771-A343-E20692F04448}.Release|Any CPU.ActiveCfg = Release|Any CPU
		{8DA713B7-051E-4771-A343-E20692F04448}.Release|Any CPU.Build.0 = Release|Any CPU
		{8DA713B7-051E-4771-A343-E20692F04448}.Release|x64.ActiveCfg = Release|Any CPU
		{8DA713B7-051E-4771-A343-E20692F04448}.Release|x64.Build.0 = Release|Any CPU
		{8DA713B7-051E-4771-A343-E20692F04448}.Release|x86.ActiveCfg = Release|Any CPU
		{8DA713B7-051E-4771-A343-E20692F04448}.Release|x86.Build.0 = Release|Any CPU
		{C2EDEC16-00F3-42BF-A300-46B4A73C107D}.Debug|Any CPU.ActiveCfg = Debug|Any CPU
		{C2EDEC16-00F3-42BF-A300-46B4A73C107D}.Debug|Any CPU.Build.0 = Debug|Any CPU
		{C2EDEC16-00F3-42BF-A300-46B4A73C107D}.Debug|x64.ActiveCfg = Debug|Any CPU
		{C2EDEC16-00F3-42BF-A300-46B4A73C107D}.Debug|x64.Build.0 = Debug|Any CPU
		{C2EDEC16-00F3-42BF-A300-46B4A73C107D}.Debug|x86.ActiveCfg = Debug|Any CPU
		{C2EDEC16-00F3-42BF-A300-46B4A73C107D}.Debug|x86.Build.0 = Debug|Any CPU
		{C2EDEC16-00F3-42BF-A300-46B4A73C107D}.Release|Any CPU.ActiveCfg = Release|Any CPU
		{C2EDEC16-00F3-42BF-A300-46B4A73C107D}.Release|Any CPU.Build.0 = Release|Any CPU
		{C2EDEC16-00F3-42BF-A300-46B4A73C107D}.Release|x64.ActiveCfg = Release|Any CPU
		{C2EDEC16-00F3-42BF-A300-46B4A73C107D}.Release|x64.Build.0 = Release|Any CPU
		{C2EDEC16-00F3-42BF-A300-46B4A73C107D}.Release|x86.ActiveCfg = Release|Any CPU
		{C2EDEC16-00F3-42BF-A300-46B4A73C107D}.Release|x86.Build.0 = Release|Any CPU
	EndGlobalSection
	GlobalSection(SolutionProperties) = preSolution
		HideSolutionNode = FALSE
	EndGlobalSection
EndGlobal
